
Microsoft Visual Studio Solution File, Format Version 12.00
# Visual Studio Version 16
VisualStudioVersion = 16.0.30204.135
MinimumVisualStudioVersion = 10.0.40219.1
Project("{9A19103F-16F7-4668-BE54-9A1E7A4F7556}") = "Parsia", "Parsia.csproj", "{6256A147-EB8F-4AA6-9411-16B24339A447}"
EndProject
Project("{9A19103F-16F7-4668-BE54-9A1E7A4F7556}") = "DataLayer", "..\DataLayer\DataLayer.csproj", "{45EB5308-C58F-46DF-801C-0C1E90C674B8}"
EndProject
Global
	GlobalSection(SolutionConfigurationPlatforms) = preSolution
		Debug|Any CPU = Debug|Any CPU
		Release|Any CPU = Release|Any CPU
	EndGlobalSection
	GlobalSection(ProjectConfigurationPlatforms) = postSolution
		{6256A147-EB8F-4AA6-9411-16B24339A447}.Debug|Any CPU.ActiveCfg = Debug|Any CPU
		{6256A147-EB8F-4AA6-9411-16B24339A447}.Debug|Any CPU.Build.0 = Debug|Any CPU
		{6256A147-EB8F-4AA6-9411-16B24339A447}.Release|Any CPU.ActiveCfg = Release|Any CPU
		{6256A147-EB8F-4AA6-9411-16B24339A447}.Release|Any CPU.Build.0 = Release|Any CPU
		{45EB5308-C58F-46DF-801C-0C1E90C674B8}.Debug|Any CPU.ActiveCfg = Debug|Any CPU
		{45EB5308-C58F-46DF-801C-0C1E90C674B8}.Debug|Any CPU.Build.0 = Debug|Any CPU
		{45EB5308-C58F-46DF-801C-0C1E90C674B8}.Release|Any CPU.ActiveCfg = Release|Any CPU
		{45EB5308-C58F-46DF-801C-0C1E90C674B8}.Release|Any CPU.Build.0 = Release|Any CPU
	EndGlobalSection
	GlobalSection(SolutionProperties) = preSolution
		HideSolutionNode = FALSE
	EndGlobalSection
	GlobalSection(ExtensibilityGlobals) = postSolution
		SolutionGuid = {FAAA225C-8E67-4AE9-B727-F9FFC427EB80}
	EndGlobalSection
EndGlobal
